NeoBundleLock Atomic-Save 7d785e4a6f3a42bd38e299ff1777d849cb773d76
NeoBundleLock FlatColor 8c9db8ddc0ed250ff6826f40950008e3949fa31b
NeoBundleLock Hemisu 37ea6aace110e1e70acb32a3ec6dc9b7ae9009bf
NeoBundleLock Liquid-Carbon ad4a21d4adb58977d8a291a646bf956d4577b9f3
NeoBundleLock PHP-Indenting-for-VIm b7cdda2996142c6afd8202e3b1c8da97632b6711
NeoBundleLock Wombat 600a27a126a32a1c7fd5d46727c2bb488d8e7465
NeoBundleLock Zenburn eec67511855b52c9e6e894915157c682ea72285b
NeoBundleLock badwolf e6fdf1844ac7fe9f479f93846081f9294eb992c0
NeoBundleLock codeschool-vim-theme 880cc5470dace0fb5de204d68a918a6fdc61232d
NeoBundleLock css.vim f9d2268befdd0f55bdcb975ba7e7ef29eb2c9442
NeoBundleLock delimitMate c78a6e6d937333fed276bddc4589f6313e277a8e
NeoBundleLock desert256.vim 28218ba05f77003e720ede1e74efaa17cc3e9051
NeoBundleLock dracula-theme e011ccf2df9572fe53d058bf76dc63f1f794ed20
NeoBundleLock editorconfig-vim 3a730ac7459ed4dab897d3ec9ad31898b8fcb746
NeoBundleLock grb256 3115044059b3adcd12ea525994de6a255a8bf783
NeoBundleLock gruvbox 2480e488809d3686aeecea45582942ad6ec704fd
NeoBundleLock harlequin 2a3f43dd32efc32284d699c239265ca63263f51b
NeoBundleLock ir_black 4e45f1cbcc9c04cf32c8681c6b3b4534a33610ed
NeoBundleLock jellybeans.vim f931895c20681684278aef2ffd810730b9c36ec3
NeoBundleLock landscape.vim 74fdf3c09dc00ee81cdfef874e2a7eed9cc3d397
NeoBundleLock lightline.vim b967eefb9b7c3103a2f8885eb736876f0a0cdaa9
NeoBundleLock matchit.zip ced6c409c9beeb0b4142d21906606bd194411d1d
NeoBundleLock molokai db8ce13b3737d3ddea8368498183d7c204a762eb
NeoBundleLock mustang-vim 6533d7d21bf27cae94d9c2caa575f627f003dfd5
NeoBundleLock neobundle.vim b76ec05d2330aef2fbbcdc58f98c49e94f5ffdbd
NeoBundleLock neomru.vim 24f9185ca019f3b8f4896929c6bf5148f982f344
NeoBundleLock nginx-vim-syntax 8dffab7043185482414ac9c4d7041e26d77cb898
NeoBundleLock nuvola.vim 19b92e0abfa9def101ae8a17d3abc49e857cdcdd
NeoBundleLock php-manual.vim 3f1890d486270df031d29e50432e54755d5ff175
NeoBundleLock phpcomplete.vim 3962defb340b12ff615332d877e6bdc1f47fdbef
NeoBundleLock scss-syntax.vim 37e276a2de5491dff46e539669531e387a3d9650
NeoBundleLock seoul256.vim 8eed8c6d12b896be04d1b14d96bf957d1d909c2f
NeoBundleLock sexy-railscasts-theme c0c590bafa378d2abefddf5476641d127ccc7861
NeoBundleLock skittles_berry 4117a10f5b1c0b72c4f7fcb3d64c2ed5675f66d2
NeoBundleLock summerfruit256.vim bc8c76de922bfa6941136e3a2454ae5c3b50bf07
NeoBundleLock sunburst.vim 955dc6c29ce88cd09015cc0e8006de2b20199a6a
NeoBundleLock sweater 1dfc3319e028b2f98da125881b93534e0d400e74
NeoBundleLock syntastic 2337c65b37c94a4b1eb7b10059d911e7dd727cc2
NeoBundleLock tabular 60f25648814f0695eeb6c1040d97adca93c4e0bb
NeoBundleLock tagbar 3634e7ab4feeab8ad49166e9e716638c20f1637c
NeoBundleLock targets.vim b258a025f9af24078fb2e637d70b51e48eaf4a39
NeoBundleLock tomorrow-theme 0e0d35ac303f99b8aa182091ebeaee81cf2183a0
NeoBundleLock unite.vim 68a0485a9590ec7a587286d8ad5abb0208d39a4f
NeoBundleLock vim-ansible-yaml 31de42f33721dbb90c4376c3c0836142cb5646f1
NeoBundleLock vim-bbye a018cbc1ba63b1a8b86b7c468645e7642637ec4a
NeoBundleLock vim-blade 8fc9503941429ff773cbdef6d590c8a485e9a498
NeoBundleLock vim-coffee-script 827e4a38b07479433b619091469a7495a392df8a
NeoBundleLock vim-colors-solarized 528a59f26d12278698bb946f8fb82a63711eec21
NeoBundleLock vim-commentary 9c685131a5facfa0d643feca3a61b41c007d8170
NeoBundleLock vim-css-color a06205afec0797266604d4ac10a488c14ca88d4e
NeoBundleLock vim-desert-warm-256 c5d858e175f84204e28e41de76b80324c9bf8678
NeoBundleLock vim-easytags 67d82cf546237bcfcc869bc9d40ec62ce9e5b5de
NeoBundleLock vim-fetch 8cddd0bf80105ce32144946fc86d26ab1a6d4192
NeoBundleLock vim-github-colorscheme 37b0ca027f638f3349ed8fb99c54ab65b8e65c04
NeoBundleLock vim-go 19cc5c0dc434a24c6d3775dc22f43b5737f2e931
NeoBundleLock vim-indent-object 78fffa609b3e6b84ef01ee4c9aba6d7435d7b18e
NeoBundleLock vim-javascript 8a409f7fd89de746296a92218183dc69fb6e3d93
NeoBundleLock vim-jinja 4412484b410b15caecd71f2e52758b2a90ea124d
NeoBundleLock vim-json a30c02763256e085cd84a99a7de6080c2825f490
NeoBundleLock vim-kalisi f8eb01ebd2961ba0c98b3c5cb6aaa36e2465d8f8
NeoBundleLock vim-kolor c0a87a20bf665775cdc0c49f9acf66b511ad5e3f
NeoBundleLock vim-livedown 152a3f850d7e923bb545ce0c7d3ebd62b77959f3
NeoBundleLock vim-lucius ebc51239b8d2cbed85ff5652845cf820a554ac5b
NeoBundleLock vim-markdown 409c37b205afa2f9d590e23de8171482d66770e2
NeoBundleLock vim-misc 9b38b8f86aa6a31e189e2a9020b5f0f926495a6b
NeoBundleLock vim-monokai 3103dcb2470d26a78512aacf2062bdba50e5dc3a
NeoBundleLock vim-mustache-handlebars 291e49908af86f2805d1a93b6a476f04906e28e1
NeoBundleLock vim-previous-buffer 4d688d5a9ea8a69b8b0ba76c8cf3521cd7517d88
NeoBundleLock vim-projectroot bf3379e5fc1b823af476f6968fa55e57b0f7bcc5
NeoBundleLock vim-puppet d881b93dc4a8ed1374ad44439aeeb47808a6b91a
NeoBundleLock vim-pyte a1071f30656b26645b69f59e1e05257829a39620
NeoBundleLock vim-railscasts-theme b87e694740241c0b74051db7ca7d33e0aad9fef9
NeoBundleLock vim-repeat b01aafbd8d44573abf0ad36afb2df66e92f1a680
NeoBundleLock vim-ruby c298d2f352559f0c690d5e75f7ed6ce0c61ff474
NeoBundleLock vim-surround 772ab9587b7d1e2c3bae75395c9123803059ba8a
NeoBundleLock vim-textobj-function adb50f38499b1f558cbd58845e3e91117e4538cf
NeoBundleLock vim-textobj-function-php 8e4621f53d96da99474e9b2071499b21d79ff15b
NeoBundleLock vim-textobj-line f8ab33c017f329248773e92968a7a3497b48d287
NeoBundleLock vim-textobj-url f66aad52e5a53127a551286ec8680f718d8fd0b5
NeoBundleLock vim-textobj-user 9aa5fd050ecce650fb7ff018397e73a66a41c76b
NeoBundleLock vim-twig 69acd8d4386727affa345d39ea42d149771c2647
NeoBundleLock vim-twilight 82e8a87d02d7f8b01bbc0f1d5135fe07d870870c
NeoBundleLock vim-vspec e94aed0c27b85942ac2a374fd2b0d24bc15a4440
NeoBundleLock vim-yaposting 31587772cc845628f1c3d1be4b716b734da1fea9
NeoBundleLock vim_search_objects 9cffa857b5dced11c037b7113d188827af5a10ed
NeoBundleLock vimfiler acb72bc8e3679cf120f02d0d6430bb4fe98d7ac5
NeoBundleLock vimproc 0f68bcd93399ecbcde3eaa4efd09107314c9bdee
NeoBundleLock webapi-vim a7789abffe936db56e3152e23733847f94755753
NeoBundleLock wombat256.vim 8734ba45dcf5e38c4d2686b35c94f9fcb30427e2
